// !$*UTF8*$!
{
	archiveVersion = 1;
	classes = {
	};
	objectVersion = 50;
	objects = {

/* Begin PBXBuildFile section */
		3E14F26C24C0DCA9006883BE /* AppDelegate.swift in Sources */ = {isa = PBXBuildFile; fileRef = 3E14F26B24C0DCA9006883BE /* AppDelegate.swift */; };
		3E14F26E24C0DCA9006883BE /* SceneDelegate.swift in Sources */ = {isa = PBXBuildFile; fileRef = 3E14F26D24C0DCA9006883BE /* SceneDelegate.swift */; };
		3E14F27124C0DCA9006883BE /* Keyboard_and_Modal_Experiments.xcdatamodeld in Sources */ = {isa = PBXBuildFile; fileRef = 3E14F26F24C0DCA9006883BE /* Keyboard_and_Modal_Experiments.xcdatamodeld */; };
		3E14F27324C0DCA9006883BE /* ContentView.swift in Sources */ = {isa = PBXBuildFile; fileRef = 3E14F27224C0DCA9006883BE /* ContentView.swift */; };
		3E14F27524C0DCAB006883BE /* Assets.xcassets in Resources */ = {isa = PBXBuildFile; fileRef = 3E14F27424C0DCAB006883BE /* Assets.xcassets */; };
		3E14F27824C0DCAB006883BE /* Preview Assets.xcassets in Resources */ = {isa = PBXBuildFile; fileRef = 3E14F27724C0DCAB006883BE /* Preview Assets.xcassets */; };
		3E14F27B24C0DCAB006883BE /* LaunchScreen.storyboard in Resources */ = {isa = PBXBuildFile; fileRef = 3E14F27924C0DCAB006883BE /* LaunchScreen.storyboard */; };
		3E14F28524C0DD6E006883BE /* ModalView.swift in Sources */ = {isa = PBXBuildFile; fileRef = 3E14F28424C0DD6E006883BE /* ModalView.swift */; };
		7B763DA1F389C95ADCF33E69 /* Pods_Keyboard_and_Modal_Experiments.framework in Frameworks */ = {isa = PBXBuildFile; fileRef = 0D815D79AF68B56FEBF2FC01 /* Pods_Keyboard_and_Modal_Experiments.framework */; };
/* End PBXBuildFile section */

/* Begin PBXFileReference section */
		0D815D79AF68B56FEBF2FC01 /* Pods_Keyboard_and_Modal_Experiments.framework */ = {isa = PBXFileReference; explicitFileType = wrapper.framework; includeInIndex = 0; path = Pods_Keyboard_and_Modal_Experiments.framework; sourceTree = BUILT_PRODUCTS_DIR; };
		3E14F26824C0DCA9006883BE /* Keyboard and Modal Experiments.app */ = {isa = PBXFileReference; explicitFileType = wrapper.application; includeInIndex = 0; path = "Keyboard and Modal Experiments.app"; sourceTree = BUILT_PRODUCTS_DIR; };
		3E14F26B24C0DCA9006883BE /* AppDelegate.swift */ = {isa = PBXFileReference; lastKnownFileType = sourcecode.swift; path = AppDelegate.swift; sourceTree = "<group>"; };
		3E14F26D24C0DCA9006883BE /* SceneDelegate.swift */ = {isa = PBXFileReference; lastKnownFileType = sourcecode.swift; path = SceneDelegate.swift; sourceTree = "<group>"; };
		3E14F27024C0DCA9006883BE /* Keyboard_and_Modal_Experiments.xcdatamodel */ = {isa = PBXFileReference; lastKnownFileType = wrapper.xcdatamodel; path = Keyboard_and_Modal_Experiments.xcdatamodel; sourceTree = "<group>"; };
		3E14F27224C0DCA9006883BE /* ContentView.swift */ = {isa = PBXFileReference; lastKnownFileType = sourcecode.swift; path = ContentView.swift; sourceTree = "<group>"; };
		3E14F27424C0DCAB006883BE /* Assets.xcassets */ = {isa = PBXFileReference; lastKnownFileType = folder.assetcatalog; path = Assets.xcassets; sourceTree = "<group>"; };
		3E14F27724C0DCAB006883BE /* Preview Assets.xcassets */ = {isa = PBXFileReference; lastKnownFileType = folder.assetcatalog; path = "Preview Assets.xcassets"; sourceTree = "<group>"; };
		3E14F27A24C0DCAB006883BE /* Base */ = {isa = PBXFileReference; lastKnownFileType = file.storyboard; name = Base; path = Base.lproj/LaunchScreen.storyboard; sourceTree = "<group>"; };
		3E14F27C24C0DCAB006883BE /* Info.plist */ = {isa = PBXFileReference; lastKnownFileType = text.plist.xml; path = Info.plist; sourceTree = "<group>"; };
		3E14F28424C0DD6E006883BE /* ModalView.swift */ = {isa = PBXFileReference; lastKnownFileType = sourcecode.swift; path = ModalView.swift; sourceTree = "<group>"; };
		A9A05194C442DEE659560334 /* Pods-Keyboard and Modal Experiments.release.xcconfig */ = {isa = PBXFileReference; includeInIndex = 1; lastKnownFileType = text.xcconfig; name = "Pods-Keyboard and Modal Experiments.release.xcconfig"; path = "Target Support Files/Pods-Keyboard and Modal Experiments/Pods-Keyboard and Modal Experiments.release.xcconfig"; sourceTree = "<group>"; };
		B037FD7C4BC0D42B6416E5D9 /* Pods-Keyboard and Modal Experiments.debug.xcconfig */ = {isa = PBXFileReference; includeInIndex = 1; lastKnownFileType = text.xcconfig; name = "Pods-Keyboard and Modal Experiments.debug.xcconfig"; path = "Target Support Files/Pods-Keyboard and Modal Experiments/Pods-Keyboard and Modal Experiments.debug.xcconfig"; sourceTree = "<group>"; };
/* End PBXFileReference section */

/* Begin PBXFrameworksBuildPhase section */
		3E14F26524C0DCA9006883BE /* Frameworks */ = {
			isa = PBXFrameworksBuildPhase;
			buildActionMask = 2147483647;
			files = (
				7B763DA1F389C95ADCF33E69 /* Pods_Keyboard_and_Modal_Experiments.framework in Frameworks */,
			);
			runOnlyForDeploymentPostprocessing = 0;
		};
/* End PBXFrameworksBuildPhase section */

/* Begin PBXGroup section */
		3E14F25F24C0DCA9006883BE = {
			isa = PBXGroup;
			children = (
				3E14F26A24C0DCA9006883BE /* Keyboard and Modal Experiments */,
				3E14F26924C0DCA9006883BE /* Products */,
				95D4D2752D7B25D128596346 /* Pods */,
				C21CC73AD57CE01C35966A76 /* Frameworks */,
			);
			sourceTree = "<group>";
		};
		3E14F26924C0DCA9006883BE /* Products */ = {
			isa = PBXGroup;
			children = (
				3E14F26824C0DCA9006883BE /* Keyboard and Modal Experiments.app */,
			);
			name = Products;
			sourceTree = "<group>";
		};
		3E14F26A24C0DCA9006883BE /* Keyboard and Modal Experiments */ = {
			isa = PBXGroup;
			children = (
				3E14F26B24C0DCA9006883BE /* AppDelegate.swift */,
				3E14F26D24C0DCA9006883BE /* SceneDelegate.swift */,
				3E14F27224C0DCA9006883BE /* ContentView.swift */,
				3E14F28424C0DD6E006883BE /* ModalView.swift */,
				3E14F27424C0DCAB006883BE /* Assets.xcassets */,
				3E14F27924C0DCAB006883BE /* LaunchScreen.storyboard */,
				3E14F27C24C0DCAB006883BE /* Info.plist */,
				3E14F26F24C0DCA9006883BE /* Keyboard_and_Modal_Experiments.xcdatamodeld */,
				3E14F27624C0DCAB006883BE /* Preview Content */,
			);
			path = "Keyboard and Modal Experiments";
			sourceTree = "<group>";
		};
		3E14F27624C0DCAB006883BE /* Preview Content */ = {
			isa = PBXGroup;
			children = (
				3E14F27724C0DCAB006883BE /* Preview Assets.xcassets */,
			);
			path = "Preview Content";
			sourceTree = "<group>";
		};
		95D4D2752D7B25D128596346 /* Pods */ = {
			isa = PBXGroup;
			children = (
				B037FD7C4BC0D42B6416E5D9 /* Pods-Keyboard and Modal Experiments.debug.xcconfig */,
				A9A05194C442DEE659560334 /* Pods-Keyboard and Modal Experiments.release.xcconfig */,
			);
			name = Pods;
			path = Pods;
			sourceTree = "<group>";
		};
		C21CC73AD57CE01C35966A76 /* Frameworks */ = {
			isa = PBXGroup;
			children = (
				0D815D79AF68B56FEBF2FC01 /* Pods_Keyboard_and_Modal_Experiments.framework */,
			);
			name = Frameworks;
			sourceTree = "<group>";
		};
/* End PBXGroup section */

/* Begin PBXNativeTarget section */
		3E14F26724C0DCA9006883BE /* Keyboard and Modal Experiments */ = {
			isa = PBXNativeTarget;
			buildConfigurationList = 3E14F27F24C0DCAB006883BE /* Build configuration list for PBXNativeTarget "Keyboard and Modal Experiments" */;
			buildPhases = (
				4876791AF7701060CB2C77FE /* [CP] Check Pods Manifest.lock */,
				3E14F26424C0DCA9006883BE /* Sources */,
				3E14F26524C0DCA9006883BE /* Frameworks */,
				3E14F26624C0DCA9006883BE /* Resources */,
				393A678DF40102DF9FCEDD9B /* [CP] Embed Pods Frameworks */,
			);
			buildRules = (
			);
			dependencies = (
			);
			name = "Keyboard and Modal Experiments";
			productName = "Keyboard and Modal Experiments";
			productReference = 3E14F26824C0DCA9006883BE /* Keyboard and Modal Experiments.app */;
			productType = "com.apple.product-type.application";
		};
/* End PBXNativeTarget section */

/* Begin PBXProject section */
		3E14F26024C0DCA9006883BE /* Project object */ = {
			isa = PBXProject;
			attributes = {
				LastSwiftUpdateCheck = 1150;
				LastUpgradeCheck = 1150;
				ORGANIZATIONNAME = "Michael Mifsud-Sweeney";
				TargetAttributes = {
					3E14F26724C0DCA9006883BE = {
						CreatedOnToolsVersion = 11.5;
					};
				};
			};
			buildConfigurationList = 3E14F26324C0DCA9006883BE /* Build configuration list for PBXProject "Keyboard and Modal Experiments" */;
			compatibilityVersion = "Xcode 9.3";
			developmentRegion = en;
			hasScannedForEncodings = 0;
			knownRegions = (
				en,
				Base,
			);
			mainGroup = 3E14F25F24C0DCA9006883BE;
			productRefGroup = 3E14F26924C0DCA9006883BE /* Products */;
			projectDirPath = "";
			projectRoot = "";
			targets = (
				3E14F26724C0DCA9006883BE /* Keyboard and Modal Experiments */,
			);
		};
/* End PBXProject section */

/* Begin PBXResourcesBuildPhase section */
		3E14F26624C0DCA9006883BE /* Resources */ = {
			isa = PBXResourcesBuildPhase;
			buildActionMask = 2147483647;
			files = (
				3E14F27B24C0DCAB006883BE /* LaunchScreen.storyboard in Resources */,
				3E14F27824C0DCAB006883BE /* Preview Assets.xcassets in Resources */,
				3E14F27524C0DCAB006883BE /* Assets.xcassets in Resources */,
			);
			runOnlyForDeploymentPostprocessing = 0;
		};
/* End PBXResourcesBuildPhase section */

/* Begin PBXShellScriptBuildPhase section */
		393A678DF40102DF9FCEDD9B /* [CP] Embed Pods Frameworks */ = {
			isa = PBXShellScriptBuildPhase;
			buildActionMask = 2147483647;
			files = (
			);
			inputFileListPaths = (
				"${PODS_ROOT}/Target Support Files/Pods-Keyboard and Modal Experiments/Pods-Keyboard and Modal Experiments-frameworks-${CONFIGURATION}-input-files.xcfilelist",
			);
			name = "[CP] Embed Pods Frameworks";
			outputFileListPaths = (
				"${PODS_ROOT}/Target Support Files/Pods-Keyboard and Modal Experiments/Pods-Keyboard and Modal Experiments-frameworks-${CONFIGURATION}-output-files.xcfilelist",
			);
			runOnlyForDeploymentPostprocessing = 0;
			shellPath = /bin/sh;
			shellScript = "\"${PODS_ROOT}/Target Support Files/Pods-Keyboard and Modal Experiments/Pods-Keyboard and Modal Experiments-frameworks.sh\"\n";
			showEnvVarsInLog = 0;
		};
		4876791AF7701060CB2C77FE /* [CP] Check Pods Manifest.lock */ = {
			isa = PBXShellScriptBuildPhase;
			buildActionMask = 2147483647;
			files = (
			);
			inputFileListPaths = (
			);
			inputPaths = (
				"${PODS_PODFILE_DIR_PATH}/Podfile.lock",
				"${PODS_ROOT}/Manifest.lock",
			);
			name = "[CP] Check Pods Manifest.lock";
			outputFileListPaths = (
			);
			outputPaths = (
				"$(DERIVED_FILE_DIR)/Pods-Keyboard and Modal Experiments-checkManifestLockResult.txt",
			);
			runOnlyForDeploymentPostprocessing = 0;
			shellPath = /bin/sh;
			shellScript = "diff \"${PODS_PODFILE_DIR_PATH}/Podfile.lock\" \"${PODS_ROOT}/Manifest.lock\" > /dev/null\nif [ $? != 0 ] ; then\n    # print error to STDERR\n    echo \"error: The sandbox is not in sync with the Podfile.lock. Run 'pod install' or update your CocoaPods installation.\" >&2\n    exit 1\nfi\n# This output is used by Xcode 'outputs' to avoid re-running this script phase.\necho \"SUCCESS\" > \"${SCRIPT_OUTPUT_FILE_0}\"\n";
			showEnvVarsInLog = 0;
		};
/* End PBXShellScriptBuildPhase section */

/* Begin PBXSourcesBuildPhase section */
		3E14F26424C0DCA9006883BE /* Sources */ = {
			isa = PBXSourcesBuildPhase;
			buildActionMask = 2147483647;
			files = (
				3E14F26C24C0DCA9006883BE /* AppDelegate.swift in Sources */,
				3E14F27124C0DCA9006883BE /* Keyboard_and_Modal_Experiments.xcdatamodeld in Sources */,
				3E14F27324C0DCA9006883BE /* ContentView.swift in Sources */,
				3E14F26E24C0DCA9006883BE /* SceneDelegate.swift in Sources */,
				3E14F28524C0DD6E006883BE /* ModalView.swift in Sources */,
			);
			runOnlyForDeploymentPostprocessing = 0;
		};
/* End PBXSourcesBuildPhase section */

/* Begin PBXVariantGroup section */
		3E14F27924C0DCAB006883BE /* LaunchScreen.storyboard */ = {
			isa = PBXVariantGroup;
			children = (
				3E14F27A24C0DCAB006883BE /* Base */,
			);
			name = LaunchScreen.storyboard;
			sourceTree = "<group>";
		};
/* End PBXVariantGroup section */

/* Begin XCBuildConfiguration section */
		3E14F27D24C0DCAB006883BE /* Debug */ = {
			isa = XCBuildConfiguration;
			buildSettings = {
				ALWAYS_SEARCH_USER_PATHS = NO;
				CLANG_ANALYZER_NONNULL = YES;
				CLANG_ANALYZER_NUMBER_OBJECT_CONVERSION = YES_AGGRESSIVE;
				CLANG_CXX_LANGUAGE_STANDARD = "gnu++14";
				CLANG_CXX_LIBRARY = "libc++";
				CLANG_ENABLE_MODULES = YES;
				CLANG_ENABLE_OBJC_ARC = YES;
				CLANG_ENABLE_OBJC_WEAK = YES;
				CLANG_WARN_BLOCK_CAPTURE_AUTORELEASING = YES;
				CLANG_WARN_BOOL_CONVERSION = YES;
				CLANG_WARN_COMMA = YES;
				CLANG_WARN_CONSTANT_CONVERSION = YES;
				CLANG_WARN_DEPRECATED_OBJC_IMPLEMENTATIONS = YES;
				CLANG_WARN_DIRECT_OBJC_ISA_USAGE = YES_ERROR;
				CLANG_WARN_DOCUMENTATION_COMMENTS = YES;
				CLANG_WARN_EMPTY_BODY = YES;
				CLANG_WARN_ENUM_CONVERSION = YES;
				CLANG_WARN_INFINITE_RECURSION = YES;
				CLANG_WARN_INT_CONVERSION = YES;
				CLANG_WARN_NON_LITERAL_NULL_CONVERSION = YES;
				CLANG_WARN_OBJC_IMPLICIT_RETAIN_SELF = YES;
				CLANG_WARN_OBJC_LITERAL_CONVERSION = YES;
				CLANG_WARN_OBJC_ROOT_CLASS = YES_ERROR;
				CLANG_WARN_RANGE_LOOP_ANALYSIS = YES;
				CLANG_WARN_STRICT_PROTOTYPES = YES;
				CLANG_WARN_SUSPICIOUS_MOVE = YES;
				CLANG_WARN_UNGUARDED_AVAILABILITY = YES_AGGRESSIVE;
				CLANG_WARN_UNREACHABLE_CODE = YES;
				CLANG_WARN__DUPLICATE_METHOD_MATCH = YES;
				COPY_PHASE_STRIP = NO;
				DEBUG_INFORMATION_FORMAT = dwarf;
				ENABLE_STRICT_OBJC_MSGSEND = YES;
				ENABLE_TESTABILITY = YES;
				GCC_C_LANGUAGE_STANDARD = gnu11;
				GCC_DYNAMIC_NO_PIC = NO;
				GCC_NO_COMMON_BLOCKS = YES;
				GCC_OPTIMIZATION_LEVEL = 0;
				GCC_PREPROCESSOR_DEFINITIONS = (
					"DEBUG=1",
					"$(inherited)",
				);
				GCC_WARN_64_TO_32_BIT_CONVERSION = YES;
				GCC_WARN_ABOUT_RETURN_TYPE = YES_ERROR;
				GCC_WARN_UNDECLARED_SELECTOR = YES;
				GCC_WARN_UNINITIALIZED_AUTOS = YES_AGGRESSIVE;
				GCC_WARN_UNUSED_FUNCTION = YES;
				GCC_WARN_UNUSED_VARIABLE = YES;
				IPHONEOS_DEPLOYMENT_TARGET = 13.5;
				MTL_ENABLE_DEBUG_INFO = INCLUDE_SOURCE;
				MTL_FAST_MATH = YES;
				ONLY_ACTIVE_ARCH = YES;
				SDKROOT = iphoneos;
				SWIFT_ACTIVE_COMPILATION_CONDITIONS = DEBUG;
				SWIFT_OPTIMIZATION_LEVEL = "-Onone";
			};
			name = Debug;
		};
		3E14F27E24C0DCAB006883BE /* Release */ = {
			isa = XCBuildConfiguration;
			buildSettings = {
				ALWAYS_SEARCH_USER_PATHS = NO;
				CLANG_ANALYZER_NONNULL = YES;
				CLANG_ANALYZER_NUMBER_OBJECT_CONVERSION = YES_AGGRESSIVE;
				CLANG_CXX_LANGUAGE_STANDARD = "gnu++14";
				CLANG_CXX_LIBRARY = "libc++";
				CLANG_ENABLE_MODULES = YES;
				CLANG_ENABLE_OBJC_ARC = YES;
				CLANG_ENABLE_OBJC_WEAK = YES;
				CLANG_WARN_BLOCK_CAPTURE_AUTORELEASING = YES;
				CLANG_WARN_BOOL_CONVERSION = YES;
				CLANG_WARN_COMMA = YES;
				CLANG_WARN_CONSTANT_CONVERSION = YES;
				CLANG_WARN_DEPRECATED_OBJC_IMPLEMENTATIONS = YES;
				CLANG_WARN_DIRECT_OBJC_ISA_USAGE = YES_ERROR;
				CLANG_WARN_DOCUMENTATION_COMMENTS = YES;
				CLANG_WARN_EMPTY_BODY = YES;
				CLANG_WARN_ENUM_CONVERSION = YES;
				CLANG_WARN_INFINITE_RECURSION = YES;
				CLANG_WARN_INT_CONVERSION = YES;
				CLANG_WARN_NON_LITERAL_NULL_CONVERSION = YES;
				CLANG_WARN_OBJC_IMPLICIT_RETAIN_SELF = YES;
				CLANG_WARN_OBJC_LITERAL_CONVERSION = YES;
				CLANG_WARN_OBJC_ROOT_CLASS = YES_ERROR;
				CLANG_WARN_RANGE_LOOP_ANALYSIS = YES;
				CLANG_WARN_STRICT_PROTOTYPES = YES;
				CLANG_WARN_SUSPICIOUS_MOVE = YES;
				CLANG_WARN_UNGUARDED_AVAILABILITY = YES_AGGRESSIVE;
				CLANG_WARN_UNREACHABLE_CODE = YES;
				CLANG_WARN__DUPLICATE_METHOD_MATCH = YES;
				COPY_PHASE_STRIP = NO;
				DEBUG_INFORMATION_FORMAT = "dwarf-with-dsym";
				ENABLE_NS_ASSERTIONS = NO;
				ENABLE_STRICT_OBJC_MSGSEND = YES;
				GCC_C_LANGUAGE_STANDARD = gnu11;
				GCC_NO_COMMON_BLOCKS = YES;
				GCC_WARN_64_TO_32_BIT_CONVERSION = YES;
				GCC_WARN_ABOUT_RETURN_TYPE = YES_ERROR;
				GCC_WARN_UNDECLARED_SELECTOR = YES;
				GCC_WARN_UNINITIALIZED_AUTOS = YES_AGGRESSIVE;
				GCC_WARN_UNUSED_FUNCTION = YES;
				GCC_WARN_UNUSED_VARIABLE = YES;
				IPHONEOS_DEPLOYMENT_TARGET = 13.5;
				MTL_ENABLE_DEBUG_INFO = NO;
				MTL_FAST_MATH = YES;
				SDKROOT = iphoneos;
				SWIFT_COMPILATION_MODE = wholemodule;
				SWIFT_OPTIMIZATION_LEVEL = "-O";
				VALIDATE_PRODUCT = YES;
			};
			name = Release;
		};
		3E14F28024C0DCAB006883BE /* Debug */ = {
			isa = XCBuildConfiguration;
			baseConfigurationReference = B037FD7C4BC0D42B6416E5D9 /* Pods-Keyboard and Modal Experiments.debug.xcconfig */;
			buildSettings = {
				ASSETCATALOG_COMPILER_APPICON_NAME = AppIcon;
				CODE_SIGN_STYLE = Automatic;
				DEVELOPMENT_ASSET_PATHS = "\"Keyboard and Modal Experiments/Preview Content\"";
				DEVELOPMENT_TEAM = X7MC69YT36;
				ENABLE_PREVIEWS = YES;
				INFOPLIST_FILE = "Keyboard and Modal Experiments/Info.plist";
				LD_RUNPATH_SEARCH_PATHS = (
					"$(inherited)",
					"@executable_path/Frameworks",
				);
				PRODUCT_BUNDLE_IDENTIFIER = "MMS.Keyboard-and-Modal-Experiments";
				PRODUCT_NAME = "$(TARGET_NAME)";
				SWIFT_VERSION = 5.0;
				TARGETED_DEVICE_FAMILY = "1,2";
			};
			name = Debug;
		};
		3E14F28124C0DCAB006883BE /* Release */ = {
			isa = XCBuildConfiguration;
			baseConfigurationReference = A9A05194C442DEE659560334 /* Pods-Keyboard and Modal Experiments.release.xcconfig */;
			buildSettings = {
				ASSETCATALOG_COMPILER_APPICON_NAME = AppIcon;
				CODE_SIGN_STYLE = Automatic;
				DEVELOPMENT_ASSET_PATHS = "\"Keyboard and Modal Experiments/Preview Content\"";
				DEVELOPMENT_TEAM = X7MC69YT36;
				ENABLE_PREVIEWS = YES;
				INFOPLIST_FILE = "Keyboard and Modal Experiments/Info.plist";
				LD_RUNPATH_SEARCH_PATHS = (
					"$(inherited)",
					"@executable_path/Frameworks",
				);
				PRODUCT_BUNDLE_IDENTIFIER = "MMS.Keyboard-and-Modal-Experiments";
				PRODUCT_NAME = "$(TARGET_NAME)";
				SWIFT_VERSION = 5.0;
				TARGETED_DEVICE_FAMILY = "1,2";
			};
			name = Release;
		};
/* End XCBuildConfiguration section */

/* Begin XCConfigurationList section */
		3E14F26324C0DCA9006883BE /* Build configuration list for PBXProject "Keyboard and Modal Experiments" */ = {
			isa = XCConfigurationList;
			buildConfigurations = (
				3E14F27D24C0DCAB006883BE /* Debug */,
				3E14F27E24C0DCAB006883BE /* Release */,
			);
			defaultConfigurationIsVisible = 0;
			defaultConfigurationName = Release;
		};
		3E14F27F24C0DCAB006883BE /* Build configuration list for PBXNativeTarget "Keyboard and Modal Experiments" */ = {
			isa = XCConfigurationList;
			buildConfigurations = (
				3E14F28024C0DCAB006883BE /* Debug */,
				3E14F28124C0DCAB006883BE /* Release */,
			);
			defaultConfigurationIsVisible = 0;
			defaultConfigurationName = Release;
		};
/* End XCConfigurationList section */

/* Begin XCVersionGroup section */
		3E14F26F24C0DCA9006883BE /* Keyboard_and_Modal_Experiments.xcdatamodeld */ = {
			isa = XCVersionGroup;
			children = (
				3E14F27024C0DCA9006883BE /* Keyboard_and_Modal_Experiments.xcdatamodel */,
			);
			currentVersion = 3E14F27024C0DCA9006883BE /* Keyboard_and_Modal_Experiments.xcdatamodel */;
			path = Keyboard_and_Modal_Experiments.xcdatamodeld;
			sourceTree = "<group>";
			versionGroupType = wrapper.xcdatamodel;
		};
/* End XCVersionGroup section */
	};
	rootObject = 3E14F26024C0DCA9006883BE /* Project object */;
}
